# Apple Silicon / CPython 3.12; desktop + knowledge; no inference packages.
annotated-types==0.8.0 --hash=sha256:f072f4d804ea359e4eaf198b1af7a8b0943881a87f31bb764f8bf219bb9419e0
anthropic==1.12.1 --hash=sha256:1c1469bb3f4118291756816b7850cc839f17b2be5cdc99c8fde3890a61a49ca2
anyio==4.15.1 --hash=sha256:6152fdbbf9a77fdec97731721bebf7c4c44f7c29b424b0065826173efc7ed101
bracex==3.0.1 --hash=sha256:6523ad83aeb5098a4ee597cff0f964442ff74e460bd3fafaffab6a013ff2288c
certifi==2026.7.22 --hash=sha256:62f22742b58a1a33014a2b6b706588a8d7e2a88ae7bd1a6ebe8c992928483775
cffi==2.1.1 --hash=sha256:f81b3b8f3d4e343550fa4baa0e479bba9f2d29ce9c2e9b51d1ce1718d7442fcf
charset-normalizer==3.5.1 --hash=sha256:5b6d1386bf0096d26d3a863dc0a487a5b4eb9aa93cf5ba69683d29dde6b9d60f
cryptography==50.0.2 --hash=sha256:fa8f5efb344d6908a1ce62f4a24e2e5780f825d6f53f5f50ec5ffacac72936cb
deepagents==0.7.23 --hash=sha256:ccba4ca32e82f422e08c04b2321d135f1be321fc44ae5891b9b37a7c8bde5ca7
distro==1.9.0 --hash=sha256:7bffd925d65168f85027d8da9af6bddab658135b840670a223589bc0c8ef02b2
docstring_parser==0.18.0 --hash=sha256:b3fcbed555c47d8479be0796ef7e19c2670d428d72e96da63f3a40122860374b
filelock==4.0.5 --hash=sha256:be9166068623636cedcad7b2ef735b04e5fb4344d978e09fd6fbd6ede06f14f0
filetype==1.2.0 --hash=sha256:7ce71b6880181241cf7ac8697a2f1eb6a8bd9b429f7ad6d27b8db9ba5f1c2d25
fsspec==2026.9.0 --hash=sha256:8dd6e646e99ea382bd85f97a45e6b526a442d79423a7dc673f1e2756d05fcb5f
google-auth==2.61.0 --hash=sha256:ca60266a37475ae68b63bac007272f46094b3d571abe92aded329b6cfb568025
google-genai==2.29.0 --hash=sha256:7adda55cb6746fb46d38ad3202c3372840b96eede964b5fb3df1469cd4998570
h11==0.16.0 --hash=sha256:63cf8bbe7522de3bf65932fda1d9c2772064ffb3dae62d55932da54b31cb6c86
hf-xet==1.6.0 --hash=sha256:f0906082d9932ae0c0057fa194041c22b4e2cdb46b2592ef3b91f020d62a081a
httpcore==1.0.9 --hash=sha256:2d400746a40668fc9dec9810239072b40b4484b640a8c38fd654a024c7a1bf55
httpcore2==2.13.1 --hash=sha256:e1e05d4f25f7d7d496bfb96748f6f4b67657b03da069b3a68c36069f3db73d0a
httpx==0.28.1 --hash=sha256:d909fcccc110f8c7faf814ca82a9a4d816bc5a6dbfea25d6591d6985b8ba59ad
httpx2==2.13.1 --hash=sha256:6dff50fabc270ee5fd25d845d0b078ed20564579744d6d962850975996d2f9a4
huggingface_hub==0.36.2 --hash=sha256:48f0c8eac16145dfce371e9d2d7772854a4f591bcb56c9cf548accf531d54270
idna==3.20 --hash=sha256:ab7ae7122974553370f0bdb919e1a960b2cd1bc1ef0276416d896db81c14582c
jaraco.classes==3.4.0 --hash=sha256:f662826b6bed8cace05e7ff873ce0f9283b5c924470fe664fff1c2f00f581790
jaraco.context==6.1.2 --hash=sha256:bf8150b79a2d5d91ae48629d8b427a8f7ba0e1097dd6202a9059f29a36379535
jaraco.functools==4.6.0 --hash=sha256:99e3dc0060c5cbe8fcd1cdb36258e2a65ca40f1566b2033b12abb1bb44dd3c30
jiter==0.17.0 --hash=sha256:61aed66ee042b3b49ef85fdf75714234d055d89d8496ac1c6e47f89e7a30d5e4
jsonpatch==1.33 --hash=sha256:0ae28c0cd062bbd8b8ecc26d7d164fbbea9652a1a3693f3b956c1eae5145dade
jsonpointer==3.2.0 --hash=sha256:3e25c9bcadf5ae20c3420922234eaba1ae36ab9bef64cd72454aeaceb0b29aad
keyring==25.7.0 --hash=sha256:be4a0b195f149690c166e850609a477c532ddbfbaed96a404d4e43f8d5e2689f
langchain==1.4.4 --hash=sha256:2fd27e9a2d54ebcd915ac5ea51d79c772e020567ef6c6a76678182055489b804
langchain-anthropic==1.7.5 --hash=sha256:b21ef0e0c2d6175235a5b7eef4f5f89057df92d42dbfab66920a05605ef7173a
langchain-core==1.6.9 --hash=sha256:2bacea12270fd4cfdeeefdc5977e7e8b3c30814c509534d1ef43f4e5b7d3f657
langchain-deepseek==1.1.1 --hash=sha256:aec298233606b1289898543e56f90373f71e919b586f580f5e161c018ab21dcb
langchain-google-genai==4.4.0 --hash=sha256:8e23a1307bd2158590bbf9d99f1d658fc84a9d9ddb77fb1b372f8875a2bafbbf
langchain-openai==1.7.0 --hash=sha256:a4d319385019c010c579b39e8951e4d5ededeacf94cd9c79162f4cb7ecba50fb
langchain-protocol==0.0.19 --hash=sha256:4cdf879a492a35980fd859ae792d3c65458ccaae504e183c9a10d7eac1f0720f
langgraph==1.2.14 --hash=sha256:e3f5f8ff4259f9281b73ff50fc9ef5cc3b025b8936b8283ecdca7cc0c4128690
langgraph-checkpoint==4.2.0 --hash=sha256:0547fd228935a0b758865de3a3d6d7a2537c308895d0f9ab092ce9151b5da942
langgraph-prebuilt==1.1.0 --hash=sha256:51e311747d755b751d5c6b39b0c1446124d3a7643d2515017e6714b323508fc9
langgraph-sdk==0.4.6 --hash=sha256:57122b02bda41d37a97a5e09eb018aa8c9b3dc85c433880073779bd9324b7eea
langsmith==0.14.5 --hash=sha256:f631fccd65f8f57b697ba5cd6550b488a1282ba994e540b3339b1d1affe32996
more-itertools==11.1.0 --hash=sha256:4b65538ae22f6fed0ce4874efd317463a7489796a0939fa66824dd542125a192
numpy==2.5.3 --hash=sha256:a72f874bc9e10e4b8f80426fb49716d5141f64442a0c8418065093ec8017fbb0
openai==3.26.1 --hash=sha256:6a05a4615c678922aa16a1a560cfbe059cb20d5b7ab9753d0bf38b41fce1c67a
orjson==3.13.0 --hash=sha256:6ff2a2c67f35202f7d823753d38ad371a9b7fc297567cdfff4420e763cb9f6f8
ormsgpack==1.12.2 --hash=sha256:7a29d09b64b9694b588ff2f80e9826bdceb3a2b91523c5beae1fab27d5c940e7
packaging==26.3 --hash=sha256:d7193f7c8e4e93f444fde0262bf90af30e16fa0ad0ad44cb553c87339b23cd1c
pip==26.2.1 --hash=sha256:71138adf1f4ca900cdb7d289c21b7494329f2332b6d85f0e1c42108c0384ed3e
pyasn1==0.6.4 --hash=sha256:deda9277cfd454080ec40b207fb6df82206a3a2688735233cdcd8d3d565f088b
pyasn1_modules==0.4.2 --hash=sha256:29253a9207ce32b64c3ac6600edc75368f98473906e8fd1043bd6b5b1de2c14a
pycparser==3.0 --hash=sha256:b727414169a36b7d524c1c3e31839a521725078d7b2ff038656844266160a992
pydantic==2.14.0 --hash=sha256:15fab1bea6f1dc5003b54fc2ecab230c1fd1dbade2acd4addc52d81e32416d4b
pydantic_core==2.50.0 --hash=sha256:0abe1b44d361b948404b6b2ed80be2583e0077340572e071afa6e0eda4e1de30
pypdf==6.19.0 --hash=sha256:7e5d6e730e7dae87d560a2cee218b852f6498c8be61966f3cd02ead971e48d14
PySide6==6.11.2 --hash=sha256:13a3c79816879d9743672a669f1988f74459a78f89a97a2624fae4fe059ffa3a
PySide6_Addons==6.11.2 --hash=sha256:354c574a839f7d0751960ba03f33bec87c95e0f2796dca3287f54d03abe97dac
PySide6_Essentials==6.11.2 --hash=sha256:77795c145202e65a78d88f7cd409d186e3ba23d159bdb3ba2dcd159ae5e5f0d9
PyYAML==6.0.3 --hash=sha256:fc09d0aa354569bc501d4e787133afc08552722d3ab34836a80547331bb5d4a0
regex==2026.9.29 --hash=sha256:f57dc6b8fef170f105d2cf5cdce254f47b137d7755086cf7050f47e16582abba
requests==2.34.2 --hash=sha256:2a0d60c172f83ac6ab31e4554906c0f3b3588d37b5cb939b1c061f4907e278e0
requests-toolbelt==1.0.0 --hash=sha256:cccfdd665f0a24fcf4726e690f65639d272bb0637b9b92dfd91a5568ccf6bd06
scipy==1.18.1 --hash=sha256:7bbf207c4453ce1ad2e00b17313852b33310b83090c2311bdaf97f93c0380d12
shiboken6==6.11.2 --hash=sha256:53659683b1f7a08e9f87eff9b1065f1ceb7110cd7a4bc09fdf5efe43d286604d
sniffio==1.3.1 --hash=sha256:2f6da418d1f1e0fddd844478f41680e794e6051915791a034ff65e5f100525a2
SoundCard==0.4.6 --hash=sha256:ab44b8c1033ac6ec49c5d618ce096dab9b60c7d7a427c92bef15856e5ebb3e09
tenacity==9.1.4 --hash=sha256:6095a360c919085f28c6527de529e76a06ad89b23659fa881ae0649b867a9d55
tiktoken==0.14.0 --hash=sha256:d6cebe67765569df3dafac8474e4eccf5c19d24140492567a5e58a11445732a4
tqdm==4.70.1 --hash=sha256:c293e525e6fef9c20e8728fd4612df02a0aa31bb5fe91ecd93e123b1b7bffa73
truststore==0.10.4 --hash=sha256:adaeaecf1cbb5f4de3b1959b42d41f6fab57b2b1666adb59e89cb0b53361d981
typing-inspection==0.4.4 --hash=sha256:65b8397ba37ccbce054456aaccddfc91e6e3083c92824df348d96ca832f3f147
typing_extensions==4.16.0 --hash=sha256:481caa481374e813c1b176ada14e97f1f67a4539ce9cfeb3f350d78d6370c2e8
urllib3==2.8.0 --hash=sha256:0cf3cae568d36aa9576b28dfb35f11328f1cb974ca7647d9475ebb86c75ac6e3
uuid_utils==0.17.1 --hash=sha256:7558c84414785d6ea54a186a3c68267eb8f33e2a0d792698bd9fa50d62150f77
wcmatch==11.0.1 --hash=sha256:fd149ecddb9f0a88ea780017d6dde17c994e494e7f7303d4e3c9d6251f978f4b
websockets==16.1.1 --hash=sha256:01fbdcbac298efe19360b94bc0039c8f746f0220ba570f327577bfee81059175
xxhash==4.0.1 --hash=sha256:515a822c73abbf6a0b7c70976d9662be342835c9d78b8dc7c023411f39c35dbc
zstandard==0.25.0 --hash=sha256:913cbd31a400febff93b564a23e17c3ed2d56c064006f54efec210d586171c00
